
Microsoft Visual Studio Solution File, Format Version 12.00
# Visual Studio Version 18
VisualStudioVersion = 18.5.11723.231 stable
MinimumVisualStudioVersion = 10.0.40219.1
Project("{FAE04EC0-301F-11D3-BF4B-00C04F79EFBC}") = "VocabLearning.Tests", "VocabLearning.Tests.csproj", "{43356C4D-3B8C-38DE-2AA0-E86206D62C5D}"
EndProject
Global
	GlobalSection(SolutionConfigurationPlatforms) = preSolution
		Debug|Any CPU = Debug|Any CPU
		Release|Any CPU = Release|Any CPU
	EndGlobalSection
	GlobalSection(ProjectConfigurationPlatforms) = postSolution
		{43356C4D-3B8C-38DE-2AA0-E86206D62C5D}.Debug|Any CPU.ActiveCfg = Debug|Any CPU
		{43356C4D-3B8C-38DE-2AA0-E86206D62C5D}.Debug|Any CPU.Build.0 = Debug|Any CPU
		{43356C4D-3B8C-38DE-2AA0-E86206D62C5D}.Release|Any CPU.ActiveCfg = Release|Any CPU
		{43356C4D-3B8C-38DE-2AA0-E86206D62C5D}.Release|Any CPU.Build.0 = Release|Any CPU
	EndGlobalSection
	GlobalSection(SolutionProperties) = preSolution
		HideSolutionNode = FALSE
	EndGlobalSection
	GlobalSection(ExtensibilityGlobals) = postSolution
		SolutionGuid = {42D315DE-FC7E-4220-BA2B-B1E5EB4574FA}
	EndGlobalSection
EndGlobal
